
Microsoft Visual Studio Solution File, Format Version 12.00
# Visual Studio Version 17
VisualStudioVersion = 17.7.34221.43
MinimumVisualStudioVersion = 10.0.40219.1
Project("{FAE04EC0-301F-11D3-BF4B-00C04F79EFBC}") = "Capitulo02.Razor", "Capitulo02.Razor\Capitulo02.Razor.csproj", "{2B16EEA4-5BF8-4F89-983D-02DA243D1B16}"
EndProject
Global
	GlobalSection(SolutionConfigurationPlatforms) = preSolution
		Debug|Any CPU = Debug|Any CPU
		Release|Any CPU = Release|Any CPU
	EndGlobalSection
	GlobalSection(ProjectConfigurationPlatforms) = postSolution
		{2B16EEA4-5BF8-4F89-983D-02DA243D1B16}.Debug|Any CPU.ActiveCfg = Debug|Any CPU
		{2B16EEA4-5BF8-4F89-983D-02DA243D1B16}.Debug|Any CPU.Build.0 = Debug|Any CPU
		{2B16EEA4-5BF8-4F89-983D-02DA243D1B16}.Release|Any CPU.ActiveCfg = Release|Any CPU
		{2B16EEA4-5BF8-4F89-983D-02DA243D1B16}.Release|Any CPU.Build.0 = Release|Any CPU
	EndGlobalSection
	GlobalSection(SolutionProperties) = preSolution
		HideSolutionNode = FALSE
	EndGlobalSection
	GlobalSection(ExtensibilityGlobals) = postSolution
		SolutionGuid = {861A57A5-1682-4C38-99E2-5D74704C0422}
	EndGlobalSection
EndGlobal
